
Microsoft Visual Studio Solution File, Format Version 12.00
# Visual Studio 2013
VisualStudioVersion = 12.0.21005.1
MinimumVisualStudioVersion = 10.0.40219.1
Project("{FAE04EC0-301F-11D3-BF4B-00C04F79EFBC}") = "BloodDonationWebApp", "BloodDonationWebApp\BloodDonationWebApp.csproj", "{DD080E66-A7D7-480F-A6F2-172B29B3F5F3}"
EndProject
Project("{FAE04EC0-301F-11D3-BF4B-00C04F79EFBC}") = "BloodDonationWebApp.Database", "BloodDonationWebApp.Database\BloodDonationWebApp.Database.csproj", "{35D336BB-2F7B-44C8-B1AE-2B906C22CC56}"
EndProject
Project("{FAE04EC0-301F-11D3-BF4B-00C04F79EFBC}") = "BloodDonationWebApp.Entities", "BloodDonationWebApp.Entities\BloodDonationWebApp.Entities.csproj", "{81570FB2-BE3A-4B75-9A0D-D1EA604B36A4}"
EndProject
Project("{FAE04EC0-301F-11D3-BF4B-00C04F79EFBC}") = "BloodDonationWebApp.Services", "BloodDonationWebApp.Services\BloodDonationWebApp.Services.csproj", "{40AA6035-F156-4DC6-BFD9-55F6EC8ABBCE}"
EndProject
Global
	GlobalSection(SolutionConfigurationPlatforms) = preSolution
		Debug|Any CPU = Debug|Any CPU
		Release|Any CPU = Release|Any CPU
	EndGlobalSection
	GlobalSection(ProjectConfigurationPlatforms) = postSolution
		{DD080E66-A7D7-480F-A6F2-172B29B3F5F3}.Debug|Any CPU.ActiveCfg = Debug|Any CPU
		{DD080E66-A7D7-480F-A6F2-172B29B3F5F3}.Debug|Any CPU.Build.0 = Debug|Any CPU
		{DD080E66-A7D7-480F-A6F2-172B29B3F5F3}.Release|Any CPU.ActiveCfg = Release|Any CPU
		{DD080E66-A7D7-480F-A6F2-172B29B3F5F3}.Release|Any CPU.Build.0 = Release|Any CPU
		{35D336BB-2F7B-44C8-B1AE-2B906C22CC56}.Debug|Any CPU.ActiveCfg = Debug|Any CPU
		{35D336BB-2F7B-44C8-B1AE-2B906C22CC56}.Debug|Any CPU.Build.0 = Debug|Any CPU
		{35D336BB-2F7B-44C8-B1AE-2B906C22CC56}.Release|Any CPU.ActiveCfg = Release|Any CPU
		{35D336BB-2F7B-44C8-B1AE-2B906C22CC56}.Release|Any CPU.Build.0 = Release|Any CPU
		{81570FB2-BE3A-4B75-9A0D-D1EA604B36A4}.Debug|Any CPU.ActiveCfg = Debug|Any CPU
		{81570FB2-BE3A-4B75-9A0D-D1EA604B36A4}.Debug|Any CPU.Build.0 = Debug|Any CPU
		{81570FB2-BE3A-4B75-9A0D-D1EA604B36A4}.Release|Any CPU.ActiveCfg = Release|Any CPU
		{81570FB2-BE3A-4B75-9A0D-D1EA604B36A4}.Release|Any CPU.Build.0 = Release|Any CPU
		{40AA6035-F156-4DC6-BFD9-55F6EC8ABBCE}.Debug|Any CPU.ActiveCfg = Debug|Any CPU
		{40AA6035-F156-4DC6-BFD9-55F6EC8ABBCE}.Debug|Any CPU.Build.0 = Debug|Any CPU
		{40AA6035-F156-4DC6-BFD9-55F6EC8ABBCE}.Release|Any CPU.ActiveCfg = Release|Any CPU
		{40AA6035-F156-4DC6-BFD9-55F6EC8ABBCE}.Release|Any CPU.Build.0 = Release|Any CPU
	EndGlobalSection
	GlobalSection(SolutionProperties) = preSolution
		HideSolutionNode = FALSE
	EndGlobalSection
EndGlobal
